
Microsoft Visual Studio Solution File, Format Version 12.00
# Visual Studio Version 16
VisualStudioVersion = 16.0.30804.86
MinimumVisualStudioVersion = 10.0.40219.1
Project("{FAE04EC0-301F-11D3-BF4B-00C04F79EFBC}") = "CardMatchingGame", "CardMatchingGame\CardMatchingGame.csproj", "{FA78709D-2D7C-41A5-963D-190158288086}"
EndProject
Global
	GlobalSection(SolutionConfigurationPlatforms) = preSolution
		Debug|Any CPU = Debug|Any CPU
		Release|Any CPU = Release|Any CPU
	EndGlobalSection
	GlobalSection(ProjectConfigurationPlatforms) = postSolution
		{FA78709D-2D7C-41A5-963D-190158288086}.Debug|Any CPU.ActiveCfg = Debug|Any CPU
		{FA78709D-2D7C-41A5-963D-190158288086}.Debug|Any CPU.Build.0 = Debug|Any CPU
		{FA78709D-2D7C-41A5-963D-190158288086}.Release|Any CPU.ActiveCfg = Release|Any CPU
		{FA78709D-2D7C-41A5-963D-190158288086}.Release|Any CPU.Build.0 = Release|Any CPU
	EndGlobalSection
	GlobalSection(SolutionProperties) = preSolution
		HideSolutionNode = FALSE
	EndGlobalSection
	GlobalSection(ExtensibilityGlobals) = postSolution
		SolutionGuid = {BD616C68-CC0C-4A9D-9B3C-1C3AC29186F3}
	EndGlobalSection
EndGlobal
